
Microsoft Visual Studio Solution File, Format Version 12.00
# Visual Studio 15
VisualStudioVersion = 15.0.26730.16
MinimumVisualStudioVersion = 10.0.40219.1
Project("{FAE04EC0-301F-11D3-BF4B-00C04F79EFBC}") = "LinqToObjectsTP", "LinqToObjectsTP\LinqToObjectsTP.csproj", "{E81862DA-618B-467C-B9A3-58CD25D1D492}"
EndProject
Global
	GlobalSection(SolutionConfigurationPlatforms) = preSolution
		Debug|Any CPU = Debug|Any CPU
		Release|Any CPU = Release|Any CPU
	EndGlobalSection
	GlobalSection(ProjectConfigurationPlatforms) = postSolution
		{E81862DA-618B-467C-B9A3-58CD25D1D492}.Debug|Any CPU.ActiveCfg = Debug|Any CPU
		{E81862DA-618B-467C-B9A3-58CD25D1D492}.Debug|Any CPU.Build.0 = Debug|Any CPU
		{E81862DA-618B-467C-B9A3-58CD25D1D492}.Release|Any CPU.ActiveCfg = Release|Any CPU
		{E81862DA-618B-467C-B9A3-58CD25D1D492}.Release|Any CPU.Build.0 = Release|Any CPU
	EndGlobalSection
	GlobalSection(SolutionProperties) = preSolution
		HideSolutionNode = FALSE
	EndGlobalSection
	GlobalSection(ExtensibilityGlobals) = postSolution
		SolutionGuid = {99ADEE37-FF0F-48C1-94C0-5BFB39C3A256}
	EndGlobalSection
EndGlobal
